
Microsoft Visual Studio Solution File, Format Version 12.00
# Visual Studio Version 17
VisualStudioVersion = 17.14.36212.18
MinimumVisualStudioVersion = 10.0.40219.1
Project("{FAE04EC0-301F-11D3-BF4B-00C04F79EFBC}") = "EventGridSender", "EventGridSender\EventGridSender.csproj", "{3D248990-BFFD-477C-937F-FBEE953696F5}"
EndProject
Project("{FAE04EC0-301F-11D3-BF4B-00C04F79EFBC}") = "EventGridReceiver", "EventGridReceiver\EventGridReceiver.csproj", "{74CCFAE7-3F6C-4D72-9573-0ADCD2DFD512}"
EndProject
Project("{FAE04EC0-301F-11D3-BF4B-00C04F79EFBC}") = "EventHubPublish", "EventHubPublish\EventHubPublish.csproj", "{2FE49B11-8BA5-4FD5-BA53-FB0DD00E14A7}"
EndProject
Project("{FAE04EC0-301F-11D3-BF4B-00C04F79EFBC}") = "SignalrClient", "SignalrClient\SignalrClient.csproj", "{4958C3A1-257C-4DC3-A952-67BF009E12D9}"
EndProject
Project("{FAE04EC0-301F-11D3-BF4B-00C04F79EFBC}") = "SignalrServer", "SignalrServer\SignalrServer.csproj", "{4BD592F0-E4D4-468D-B75A-9649CA87428F}"
EndProject
Project("{FAE04EC0-301F-11D3-BF4B-00C04F79EFBC}") = "ONE.Shared.Helpers", "..\..\ONE.Shared.Helpers\src\ONE.Shared.Helpers\ONE.Shared.Helpers.csproj", "{0A39E525-6D2F-72D6-53BC-2CFFB3F4EFEA}"
EndProject
Global
	GlobalSection(SolutionConfigurationPlatforms) = preSolution
		Debug|Any CPU = Debug|Any CPU
		Release|Any CPU = Release|Any CPU
	EndGlobalSection
	GlobalSection(ProjectConfigurationPlatforms) = postSolution
		{3D248990-BFFD-477C-937F-FBEE953696F5}.Debug|Any CPU.ActiveCfg = Debug|Any CPU
		{3D248990-BFFD-477C-937F-FBEE953696F5}.Debug|Any CPU.Build.0 = Debug|Any CPU
		{3D248990-BFFD-477C-937F-FBEE953696F5}.Release|Any CPU.ActiveCfg = Release|Any CPU
		{3D248990-BFFD-477C-937F-FBEE953696F5}.Release|Any CPU.Build.0 = Release|Any CPU
		{74CCFAE7-3F6C-4D72-9573-0ADCD2DFD512}.Debug|Any CPU.ActiveCfg = Debug|Any CPU
		{74CCFAE7-3F6C-4D72-9573-0ADCD2DFD512}.Debug|Any CPU.Build.0 = Debug|Any CPU
		{74CCFAE7-3F6C-4D72-9573-0ADCD2DFD512}.Release|Any CPU.ActiveCfg = Release|Any CPU
		{74CCFAE7-3F6C-4D72-9573-0ADCD2DFD512}.Release|Any CPU.Build.0 = Release|Any CPU
		{2FE49B11-8BA5-4FD5-BA53-FB0DD00E14A7}.Debug|Any CPU.ActiveCfg = Debug|Any CPU
		{2FE49B11-8BA5-4FD5-BA53-FB0DD00E14A7}.Debug|Any CPU.Build.0 = Debug|Any CPU
		{2FE49B11-8BA5-4FD5-BA53-FB0DD00E14A7}.Release|Any CPU.ActiveCfg = Release|Any CPU
		{2FE49B11-8BA5-4FD5-BA53-FB0DD00E14A7}.Release|Any CPU.Build.0 = Release|Any CPU
		{4958C3A1-257C-4DC3-A952-67BF009E12D9}.Debug|Any CPU.ActiveCfg = Debug|Any CPU
		{4958C3A1-257C-4DC3-A952-67BF009E12D9}.Debug|Any CPU.Build.0 = Debug|Any CPU
		{4958C3A1-257C-4DC3-A952-67BF009E12D9}.Release|Any CPU.ActiveCfg = Release|Any CPU
		{4958C3A1-257C-4DC3-A952-67BF009E12D9}.Release|Any CPU.Build.0 = Release|Any CPU
		{4BD592F0-E4D4-468D-B75A-9649CA87428F}.Debug|Any CPU.ActiveCfg = Debug|Any CPU
		{4BD592F0-E4D4-468D-B75A-9649CA87428F}.Debug|Any CPU.Build.0 = Debug|Any CPU
		{4BD592F0-E4D4-468D-B75A-9649CA87428F}.Release|Any CPU.ActiveCfg = Release|Any CPU
		{4BD592F0-E4D4-468D-B75A-9649CA87428F}.Release|Any CPU.Build.0 = Release|Any CPU
		{0A39E525-6D2F-72D6-53BC-2CFFB3F4EFEA}.Debug|Any CPU.ActiveCfg = Debug|Any CPU
		{0A39E525-6D2F-72D6-53BC-2CFFB3F4EFEA}.Debug|Any CPU.Build.0 = Debug|Any CPU
		{0A39E525-6D2F-72D6-53BC-2CFFB3F4EFEA}.Release|Any CPU.ActiveCfg = Release|Any CPU
		{0A39E525-6D2F-72D6-53BC-2CFFB3F4EFEA}.Release|Any CPU.Build.0 = Release|Any CPU
	EndGlobalSection
	GlobalSection(SolutionProperties) = preSolution
		HideSolutionNode = FALSE
	EndGlobalSection
	GlobalSection(ExtensibilityGlobals) = postSolution
		SolutionGuid = {1668A224-9CA6-4278-AC39-387AAC33090B}
	EndGlobalSection
EndGlobal
